// !$*UTF8*$!
{
	archiveVersion = 1;
	classes = {
	};
	objectVersion = 46;
	objects = {

/* Begin PBXBuildFile section */
		1D3623260D0F684500981E51 /* BringBanksAppDelegate.m in Sources */ = {isa = PBXBuildFile; fileRef = 1D3623250D0F684500981E51 /* BringBanksAppDelegate.m */; };
		1D60589B0D05DD56006BFB54 /* main.m in Sources */ = {isa = PBXBuildFile; fileRef = 29B97316FDCFA39411CA2CEA /* main.m */; };
		1D60589F0D05DD5A006BFB54 /* Foundation.framework in Frameworks */ = {isa = PBXBuildFile; fileRef = 1D30AB110D05D00D00671497 /* Foundation.framework */; };
		1DF5F4E00D08C38300B7A737 /* UIKit.framework in Frameworks */ = {isa = PBXBuildFile; fileRef = 1DF5F4DF0D08C38300B7A737 /* UIKit.framework */; };
		288765A50DF7441C002DB57D /* CoreGraphics.framework in Frameworks */ = {isa = PBXBuildFile; fileRef = 288765A40DF7441C002DB57D /* CoreGraphics.framework */; };
		2899E5220DE3E06400AC0155 /* BringBanksViewController.xib in Resources */ = {isa = PBXBuildFile; fileRef = 2899E5210DE3E06400AC0155 /* BringBanksViewController.xib */; };
		28AD733F0D9D9553002E5188 /* MainWindow.xib in Resources */ = {isa = PBXBuildFile; fileRef = 28AD733E0D9D9553002E5188 /* MainWindow.xib */; };
		28D7ACF80DDB3853001CB0EB /* BringBanksViewController.m in Sources */ = {isa = PBXBuildFile; fileRef = 28D7ACF70DDB3853001CB0EB /* BringBanksViewController.m */; };
		E26FFA7312A5B0F2003FA228 /* MapKit.framework in Frameworks */ = {isa = PBXBuildFile; fileRef = E26FFA7212A5B0F1003FA228 /* MapKit.framework */; };
		E26FFA7512A5B229003FA228 /* libxml2.2.dylib in Frameworks */ = {isa = PBXBuildFile; fileRef = E26FFA7412A5B229003FA228 /* libxml2.2.dylib */; };
		E26FFA7A12A5B287003FA228 /* BringBank.m in Sources */ = {isa = PBXBuildFile; fileRef = E26FFA7912A5B287003FA228 /* BringBank.m */; };
		E2A047D1142A8D09007BE745 /* Bring_Banks.xml in Resources */ = {isa = PBXBuildFile; fileRef = E2A047D0142A8D09007BE745 /* Bring_Banks.xml */; };
		E2B21B7512A67AF9000258D5 /* CoreLocation.framework in Frameworks */ = {isa = PBXBuildFile; fileRef = E2B21B7412A67AF9000258D5 /* CoreLocation.framework */; };
		E2B292131349F9CF00247804 /* AboutViewController.m in Sources */ = {isa = PBXBuildFile; fileRef = E2B292111349F9CE00247804 /* AboutViewController.m */; };
		E2B292141349F9CF00247804 /* AboutViewController.xib in Resources */ = {isa = PBXBuildFile; fileRef = E2B292121349F9CE00247804 /* AboutViewController.xib */; };
		E2B29224134A135800247804 /* AboutBackground.png in Resources */ = {isa = PBXBuildFile; fileRef = E2B29223134A135800247804 /* AboutBackground.png */; };
		E2B29226134A197800247804 /* AboutIcon.png in Resources */ = {isa = PBXBuildFile; fileRef = E2B29225134A197800247804 /* AboutIcon.png */; };
		E2B29228134A19DB00247804 /* AboutIcon@2x.png in Resources */ = {isa = PBXBuildFile; fileRef = E2B29227134A19DB00247804 /* AboutIcon@2x.png */; };
		E2E2D3EA1343889000777AB1 /* Default.png in Resources */ = {isa = PBXBuildFile; fileRef = E2E2D3E81343889000777AB1 /* Default.png */; };
		E2E2D3EB1343889000777AB1 /* Default@2x.png in Resources */ = {isa = PBXBuildFile; fileRef = E2E2D3E91343889000777AB1 /* Default@2x.png */; };
		E2E2D3F013438E2600777AB1 /* Icon-Small.png in Resources */ = {isa = PBXBuildFile; fileRef = E2E2D3EC13438E2600777AB1 /* Icon-Small.png */; };
		E2E2D3F113438E2600777AB1 /* Icon-Small@2x.png in Resources */ = {isa = PBXBuildFile; fileRef = E2E2D3ED13438E2600777AB1 /* Icon-Small@2x.png */; };
		E2E2D3F213438E2600777AB1 /* Icon.png in Resources */ = {isa = PBXBuildFile; fileRef = E2E2D3EE13438E2600777AB1 /* Icon.png */; };
		E2E2D3F313438E2600777AB1 /* Icon@2x.png in Resources */ = {isa = PBXBuildFile; fileRef = E2E2D3EF13438E2600777AB1 /* Icon@2x.png */; };
		E2E3D0161346232100EFB0B7 /* Background.png in Resources */ = {isa = PBXBuildFile; fileRef = E2E3D0061346232100EFB0B7 /* Background.png */; };
		E2E3D0171346232100EFB0B7 /* Background@2x.png in Resources */ = {isa = PBXBuildFile; fileRef = E2E3D0071346232100EFB0B7 /* Background@2x.png */; };
		E2E3D0181346232100EFB0B7 /* Cans.png in Resources */ = {isa = PBXBuildFile; fileRef = E2E3D0081346232100EFB0B7 /* Cans.png */; };
		E2E3D0191346232100EFB0B7 /* Cans@2x.png in Resources */ = {isa = PBXBuildFile; fileRef = E2E3D0091346232100EFB0B7 /* Cans@2x.png */; };
		E2E3D01A1346232100EFB0B7 /* CansOff.png in Resources */ = {isa = PBXBuildFile; fileRef = E2E3D00A1346232100EFB0B7 /* CansOff.png */; };
		E2E3D01B1346232100EFB0B7 /* CansOff@2x.png in Resources */ = {isa = PBXBuildFile; fileRef = E2E3D00B1346232100EFB0B7 /* CansOff@2x.png */; };
		E2E3D01C1346232100EFB0B7 /* Glass.png in Resources */ = {isa = PBXBuildFile; fileRef = E2E3D00C1346232100EFB0B7 /* Glass.png */; };
		E2E3D01D1346232100EFB0B7 /* Glass@2x.png in Resources */ = {isa = PBXBuildFile; fileRef = E2E3D00D1346232100EFB0B7 /* Glass@2x.png */; };
		E2E3D01E1346232100EFB0B7 /* GlassOff.png in Resources */ = {isa = PBXBuildFile; fileRef = E2E3D00E1346232100EFB0B7 /* GlassOff.png */; };
		E2E3D01F1346232100EFB0B7 /* GlassOff@2x.png in Resources */ = {isa = PBXBuildFile; fileRef = E2E3D00F1346232100EFB0B7 /* GlassOff@2x.png */; };
		E2E3D0201346232100EFB0B7 /* RoundRect.png in Resources */ = {isa = PBXBuildFile; fileRef = E2E3D0101346232100EFB0B7 /* RoundRect.png */; };
		E2E3D0211346232100EFB0B7 /* RoundRect@2x.png in Resources */ = {isa = PBXBuildFile; fileRef = E2E3D0111346232100EFB0B7 /* RoundRect@2x.png */; };
		E2E3D0221346232100EFB0B7 /* Textiles.png in Resources */ = {isa = PBXBuildFile; fileRef = E2E3D0121346232100EFB0B7 /* Textiles.png */; };
		E2E3D0231346232100EFB0B7 /* Textiles@2x.png in Resources */ = {isa = PBXBuildFile; fileRef = E2E3D0131346232100EFB0B7 /* Textiles@2x.png */; };
		E2E3D0241346232100EFB0B7 /* TextilesOff.png in Resources */ = {isa = PBXBuildFile; fileRef = E2E3D0141346232100EFB0B7 /* TextilesOff.png */; };
		E2E3D0251346232100EFB0B7 /* TextilesOff@2x.png in Resources */ = {isa = PBXBuildFile; fileRef = E2E3D0151346232100EFB0B7 /* TextilesOff@2x.png */; };
		E2E3D02A1346233E00EFB0B7 /* BringBankViewController.m in Sources */ = {isa = PBXBuildFile; fileRef = E2E3D0281346233E00EFB0B7 /* BringBankViewController.m */; };
		E2E3D02B1346233E00EFB0B7 /* BringBankViewController.xib in Resources */ = {isa = PBXBuildFile; fileRef = E2E3D0291346233E00EFB0B7 /* BringBankViewController.xib */; };
		E2E3D03D134786F000EFB0B7 /* BringBanksKMLConfig.plist in Resources */ = {isa = PBXBuildFile; fileRef = E2E3D03C134786F000EFB0B7 /* BringBanksKMLConfig.plist */; };
		E2E3D04113478A9A00EFB0B7 /* BringBanksLoader.m in Sources */ = {isa = PBXBuildFile; fileRef = E2E3D04013478A9A00EFB0B7 /* BringBanksLoader.m */; };
/* End PBXBuildFile section */

/* Begin PBXFileReference section */
		1D30AB110D05D00D00671497 /* Foundation.framework */ = {isa = PBXFileReference; lastKnownFileType = wrapper.framework; name = Foundation.framework; path = System/Library/Frameworks/Foundation.framework; sourceTree = SDKROOT; };
		1D3623240D0F684500981E51 /* BringBanksAppDelegate.h */ = {isa = PBXFileReference; fileEncoding = 4; lastKnownFileType = sourcecode.c.h; path = BringBanksAppDelegate.h; sourceTree = "<group>"; };
		1D3623250D0F684500981E51 /* BringBanksAppDelegate.m */ = {isa = PBXFileReference; fileEncoding = 4; lastKnownFileType = sourcecode.c.objc; path = BringBanksAppDelegate.m; sourceTree = "<group>"; };
		1D6058910D05DD3D006BFB54 /* BringBanks.app */ = {isa = PBXFileReference; explicitFileType = wrapper.application; includeInIndex = 0; path = BringBanks.app; sourceTree = BUILT_PRODUCTS_DIR; };
		1DF5F4DF0D08C38300B7A737 /* UIKit.framework */ = {isa = PBXFileReference; lastKnownFileType = wrapper.framework; name = UIKit.framework; path = System/Library/Frameworks/UIKit.framework; sourceTree = SDKROOT; };
		288765A40DF7441C002DB57D /* CoreGraphics.framework */ = {isa = PBXFileReference; lastKnownFileType = wrapper.framework; name = CoreGraphics.framework; path = System/Library/Frameworks/CoreGraphics.framework; sourceTree = SDKROOT; };
		2899E5210DE3E06400AC0155 /* BringBanksViewController.xib */ = {isa = PBXFileReference; lastKnownFileType = file.xib; path = BringBanksViewController.xib; sourceTree = "<group>"; };
		28AD733E0D9D9553002E5188 /* MainWindow.xib */ = {isa = PBXFileReference; lastKnownFileType = file.xib; path = MainWindow.xib; sourceTree = "<group>"; };
		28D7ACF60DDB3853001CB0EB /* BringBanksViewController.h */ = {isa = PBXFileReference; fileEncoding = 4; lastKnownFileType = sourcecode.c.h; path = BringBanksViewController.h; sourceTree = "<group>"; };
		28D7ACF70DDB3853001CB0EB /* BringBanksViewController.m */ = {isa = PBXFileReference; fileEncoding = 4; lastKnownFileType = sourcecode.c.objc; path = BringBanksViewController.m; sourceTree = "<group>"; };
		29B97316FDCFA39411CA2CEA /* main.m */ = {isa = PBXFileReference; fileEncoding = 4; lastKnownFileType = sourcecode.c.objc; path = main.m; sourceTree = "<group>"; };
		32CA4F630368D1EE00C91783 /* BringBanks_Prefix.pch */ = {isa = PBXFileReference; fileEncoding = 4; lastKnownFileType = sourcecode.c.h; path = BringBanks_Prefix.pch; sourceTree = "<group>"; };
		8D1107310486CEB800E47090 /* BringBanks-Info.plist */ = {isa = PBXFileReference; fileEncoding = 4; lastKnownFileType = text.plist.xml; path = "BringBanks-Info.plist"; plistStructureDefinitionIdentifier = "com.apple.xcode.plist.structure-definition.iphone.info-plist"; sourceTree = "<group>"; };
		E26FFA7212A5B0F1003FA228 /* MapKit.framework */ = {isa = PBXFileReference; lastKnownFileType = wrapper.framework; name = MapKit.framework; path = System/Library/Frameworks/MapKit.framework; sourceTree = SDKROOT; };
		E26FFA7412A5B229003FA228 /* libxml2.2.dylib */ = {isa = PBXFileReference; lastKnownFileType = "compiled.mach-o.dylib"; name = libxml2.2.dylib; path = usr/lib/libxml2.2.dylib; sourceTree = SDKROOT; };
		E26FFA7812A5B287003FA228 /* BringBank.h */ = {isa = PBXFileReference; fileEncoding = 4; lastKnownFileType = sourcecode.c.h; path = BringBank.h; sourceTree = "<group>"; };
		E26FFA7912A5B287003FA228 /* BringBank.m */ = {isa = PBXFileReference; fileEncoding = 4; lastKnownFileType = sourcecode.c.objc; path = BringBank.m; sourceTree = "<group>"; };
		E2A047D0142A8D09007BE745 /* Bring_Banks.xml */ = {isa = PBXFileReference; fileEncoding = 4; lastKnownFileType = text.xml; path = Bring_Banks.xml; sourceTree = "<group>"; };
		E2B21B7412A67AF9000258D5 /* CoreLocation.framework */ = {isa = PBXFileReference; lastKnownFileType = wrapper.framework; name = CoreLocation.framework; path = System/Library/Frameworks/CoreLocation.framework; sourceTree = SDKROOT; };
		E2B292101349F9CE00247804 /* AboutViewController.h */ = {isa = PBXFileReference; fileEncoding = 4; lastKnownFileType = sourcecode.c.h; path = AboutViewController.h; sourceTree = "<group>"; };
		E2B292111349F9CE00247804 /* AboutViewController.m */ = {isa = PBXFileReference; fileEncoding = 4; lastKnownFileType = sourcecode.c.objc; path = AboutViewController.m; sourceTree = "<group>"; };
		E2B292121349F9CE00247804 /* AboutViewController.xib */ = {isa = PBXFileReference; fileEncoding = 4; lastKnownFileType = file.xib; path = AboutViewController.xib; sourceTree = "<group>"; };
		E2B29223134A135800247804 /* AboutBackground.png */ = {isa = PBXFileReference; lastKnownFileType = image.png; path = AboutBackground.png; sourceTree = "<group>"; };
		E2B29225134A197800247804 /* AboutIcon.png */ = {isa = PBXFileReference; lastKnownFileType = image.png; path = AboutIcon.png; sourceTree = "<group>"; };
		E2B29227134A19DB00247804 /* AboutIcon@2x.png */ = {isa = PBXFileReference; lastKnownFileType = image.png; path = "AboutIcon@2x.png"; sourceTree = "<group>"; };
		E2E2D3E81343889000777AB1 /* Default.png */ = {isa = PBXFileReference; lastKnownFileType = image.png; path = Default.png; sourceTree = "<group>"; };
		E2E2D3E91343889000777AB1 /* Default@2x.png */ = {isa = PBXFileReference; lastKnownFileType = image.png; path = "Default@2x.png"; sourceTree = "<group>"; };
		E2E2D3EC13438E2600777AB1 /* Icon-Small.png */ = {isa = PBXFileReference; lastKnownFileType = image.png; path = "Icon-Small.png"; sourceTree = "<group>"; };
		E2E2D3ED13438E2600777AB1 /* Icon-Small@2x.png */ = {isa = PBXFileReference; lastKnownFileType = image.png; path = "Icon-Small@2x.png"; sourceTree = "<group>"; };
		E2E2D3EE13438E2600777AB1 /* Icon.png */ = {isa = PBXFileReference; lastKnownFileType = image.png; path = Icon.png; sourceTree = "<group>"; };
		E2E2D3EF13438E2600777AB1 /* Icon@2x.png */ = {isa = PBXFileReference; lastKnownFileType = image.png; path = "Icon@2x.png"; sourceTree = "<group>"; };
		E2E3D0061346232100EFB0B7 /* Background.png */ = {isa = PBXFileReference; lastKnownFileType = image.png; path = Background.png; sourceTree = "<group>"; };
		E2E3D0071346232100EFB0B7 /* Background@2x.png */ = {isa = PBXFileReference; lastKnownFileType = image.png; path = "Background@2x.png"; sourceTree = "<group>"; };
		E2E3D0081346232100EFB0B7 /* Cans.png */ = {isa = PBXFileReference; lastKnownFileType = image.png; path = Cans.png; sourceTree = "<group>"; };
		E2E3D0091346232100EFB0B7 /* Cans@2x.png */ = {isa = PBXFileReference; lastKnownFileType = image.png; path = "Cans@2x.png"; sourceTree = "<group>"; };
		E2E3D00A1346232100EFB0B7 /* CansOff.png */ = {isa = PBXFileReference; lastKnownFileType = image.png; path = CansOff.png; sourceTree = "<group>"; };
		E2E3D00B1346232100EFB0B7 /* CansOff@2x.png */ = {isa = PBXFileReference; lastKnownFileType = image.png; path = "CansOff@2x.png"; sourceTree = "<group>"; };
		E2E3D00C1346232100EFB0B7 /* Glass.png */ = {isa = PBXFileReference; lastKnownFileType = image.png; path = Glass.png; sourceTree = "<group>"; };
		E2E3D00D1346232100EFB0B7 /* Glass@2x.png */ = {isa = PBXFileReference; lastKnownFileType = image.png; path = "Glass@2x.png"; sourceTree = "<group>"; };
		E2E3D00E1346232100EFB0B7 /* GlassOff.png */ = {isa = PBXFileReference; lastKnownFileType = image.png; path = GlassOff.png; sourceTree = "<group>"; };
		E2E3D00F1346232100EFB0B7 /* GlassOff@2x.png */ = {isa = PBXFileReference; lastKnownFileType = image.png; path = "GlassOff@2x.png"; sourceTree = "<group>"; };
		E2E3D0101346232100EFB0B7 /* RoundRect.png */ = {isa = PBXFileReference; lastKnownFileType = image.png; path = RoundRect.png; sourceTree = "<group>"; };
		E2E3D0111346232100EFB0B7 /* RoundRect@2x.png */ = {isa = PBXFileReference; lastKnownFileType = image.png; path = "RoundRect@2x.png"; sourceTree = "<group>"; };
		E2E3D0121346232100EFB0B7 /* Textiles.png */ = {isa = PBXFileReference; lastKnownFileType = image.png; path = Textiles.png; sourceTree = "<group>"; };
		E2E3D0131346232100EFB0B7 /* Textiles@2x.png */ = {isa = PBXFileReference; lastKnownFileType = image.png; path = "Textiles@2x.png"; sourceTree = "<group>"; };
		E2E3D0141346232100EFB0B7 /* TextilesOff.png */ = {isa = PBXFileReference; lastKnownFileType = image.png; path = TextilesOff.png; sourceTree = "<group>"; };
		E2E3D0151346232100EFB0B7 /* TextilesOff@2x.png */ = {isa = PBXFileReference; lastKnownFileType = image.png; path = "TextilesOff@2x.png"; sourceTree = "<group>"; };
		E2E3D0271346233E00EFB0B7 /* BringBankViewController.h */ = {isa = PBXFileReference; fileEncoding = 4; lastKnownFileType = sourcecode.c.h; path = BringBankViewController.h; sourceTree = "<group>"; };
		E2E3D0281346233E00EFB0B7 /* BringBankViewController.m */ = {isa = PBXFileReference; fileEncoding = 4; lastKnownFileType = sourcecode.c.objc; path = BringBankViewController.m; sourceTree = "<group>"; };
		E2E3D0291346233E00EFB0B7 /* BringBankViewController.xib */ = {isa = PBXFileReference; fileEncoding = 4; lastKnownFileType = file.xib; path = BringBankViewController.xib; sourceTree = "<group>"; };
		E2E3D03C134786F000EFB0B7 /* BringBanksKMLConfig.plist */ = {isa = PBXFileReference; fileEncoding = 4; lastKnownFileType = text.plist.xml; path = BringBanksKMLConfig.plist; sourceTree = "<group>"; };
		E2E3D03F13478A9A00EFB0B7 /* BringBanksLoader.h */ = {isa = PBXFileReference; fileEncoding = 4; lastKnownFileType = sourcecode.c.h; path = BringBanksLoader.h; sourceTree = "<group>"; };
		E2E3D04013478A9A00EFB0B7 /* BringBanksLoader.m */ = {isa = PBXFileReference; fileEncoding = 4; lastKnownFileType = sourcecode.c.objc; path = BringBanksLoader.m; sourceTree = "<group>"; };
/* End PBXFileReference section */

/* Begin PBXFrameworksBuildPhase section */
		1D60588F0D05DD3D006BFB54 /* Frameworks */ = {
			isa = PBXFrameworksBuildPhase;
			buildActionMask = 2147483647;
			files = (
				1D60589F0D05DD5A006BFB54 /* Foundation.framework in Frameworks */,
				1DF5F4E00D08C38300B7A737 /* UIKit.framework in Frameworks */,
				288765A50DF7441C002DB57D /* CoreGraphics.framework in Frameworks */,
				E26FFA7312A5B0F2003FA228 /* MapKit.framework in Frameworks */,
				E26FFA7512A5B229003FA228 /* libxml2.2.dylib in Frameworks */,
				E2B21B7512A67AF9000258D5 /* CoreLocation.framework in Frameworks */,
			);
			runOnlyForDeploymentPostprocessing = 0;
		};
/* End PBXFrameworksBuildPhase section */

/* Begin PBXGroup section */
		080E96DDFE201D6D7F000001 /* Classes */ = {
			isa = PBXGroup;
			children = (
				E2E3D0271346233E00EFB0B7 /* BringBankViewController.h */,
				E2E3D0281346233E00EFB0B7 /* BringBankViewController.m */,
				E2E3D0291346233E00EFB0B7 /* BringBankViewController.xib */,
				1D3623240D0F684500981E51 /* BringBanksAppDelegate.h */,
				1D3623250D0F684500981E51 /* BringBanksAppDelegate.m */,
				28D7ACF60DDB3853001CB0EB /* BringBanksViewController.h */,
				28D7ACF70DDB3853001CB0EB /* BringBanksViewController.m */,
				E26FFA7812A5B287003FA228 /* BringBank.h */,
				E26FFA7912A5B287003FA228 /* BringBank.m */,
				E2E3D03F13478A9A00EFB0B7 /* BringBanksLoader.h */,
				E2E3D04013478A9A00EFB0B7 /* BringBanksLoader.m */,
				E2B292101349F9CE00247804 /* AboutViewController.h */,
				E2B292111349F9CE00247804 /* AboutViewController.m */,
				E2B292121349F9CE00247804 /* AboutViewController.xib */,
			);
			path = Classes;
			sourceTree = "<group>";
		};
		19C28FACFE9D520D11CA2CBB /* Products */ = {
			isa = PBXGroup;
			children = (
				1D6058910D05DD3D006BFB54 /* BringBanks.app */,
			);
			name = Products;
			sourceTree = "<group>";
		};
		29B97314FDCFA39411CA2CEA /* CustomTemplate */ = {
			isa = PBXGroup;
			children = (
				080E96DDFE201D6D7F000001 /* Classes */,
				29B97315FDCFA39411CA2CEA /* Other Sources */,
				29B97317FDCFA39411CA2CEA /* Resources */,
				29B97323FDCFA39411CA2CEA /* Frameworks */,
				19C28FACFE9D520D11CA2CBB /* Products */,
			);
			name = CustomTemplate;
			sourceTree = "<group>";
		};
		29B97315FDCFA39411CA2CEA /* Other Sources */ = {
			isa = PBXGroup;
			children = (
				32CA4F630368D1EE00C91783 /* BringBanks_Prefix.pch */,
				29B97316FDCFA39411CA2CEA /* main.m */,
			);
			name = "Other Sources";
			sourceTree = "<group>";
		};
		29B97317FDCFA39411CA2CEA /* Resources */ = {
			isa = PBXGroup;
			children = (
				E2A047D0142A8D09007BE745 /* Bring_Banks.xml */,
				E2B29227134A19DB00247804 /* AboutIcon@2x.png */,
				E2B29225134A197800247804 /* AboutIcon.png */,
				E2B29223134A135800247804 /* AboutBackground.png */,
				E2E3D0061346232100EFB0B7 /* Background.png */,
				E2E3D0071346232100EFB0B7 /* Background@2x.png */,
				E2E3D0081346232100EFB0B7 /* Cans.png */,
				E2E3D0091346232100EFB0B7 /* Cans@2x.png */,
				E2E3D00A1346232100EFB0B7 /* CansOff.png */,
				E2E3D00B1346232100EFB0B7 /* CansOff@2x.png */,
				E2E3D00C1346232100EFB0B7 /* Glass.png */,
				E2E3D00D1346232100EFB0B7 /* Glass@2x.png */,
				E2E3D00E1346232100EFB0B7 /* GlassOff.png */,
				E2E3D00F1346232100EFB0B7 /* GlassOff@2x.png */,
				E2E3D0101346232100EFB0B7 /* RoundRect.png */,
				E2E3D0111346232100EFB0B7 /* RoundRect@2x.png */,
				E2E3D0121346232100EFB0B7 /* Textiles.png */,
				E2E3D0131346232100EFB0B7 /* Textiles@2x.png */,
				E2E3D0141346232100EFB0B7 /* TextilesOff.png */,
				E2E3D0151346232100EFB0B7 /* TextilesOff@2x.png */,
				E2E2D3EC13438E2600777AB1 /* Icon-Small.png */,
				E2E2D3ED13438E2600777AB1 /* Icon-Small@2x.png */,
				E2E2D3EE13438E2600777AB1 /* Icon.png */,
				E2E2D3EF13438E2600777AB1 /* Icon@2x.png */,
				E2E2D3E81343889000777AB1 /* Default.png */,
				E2E2D3E91343889000777AB1 /* Default@2x.png */,
				2899E5210DE3E06400AC0155 /* BringBanksViewController.xib */,
				28AD733E0D9D9553002E5188 /* MainWindow.xib */,
				8D1107310486CEB800E47090 /* BringBanks-Info.plist */,
				E2E3D03C134786F000EFB0B7 /* BringBanksKMLConfig.plist */,
			);
			name = Resources;
			sourceTree = "<group>";
		};
		29B97323FDCFA39411CA2CEA /* Frameworks */ = {
			isa = PBXGroup;
			children = (
				E26FFA7412A5B229003FA228 /* libxml2.2.dylib */,
				E2B21B7412A67AF9000258D5 /* CoreLocation.framework */,
				E26FFA7212A5B0F1003FA228 /* MapKit.framework */,
				1DF5F4DF0D08C38300B7A737 /* UIKit.framework */,
				1D30AB110D05D00D00671497 /* Foundation.framework */,
				288765A40DF7441C002DB57D /* CoreGraphics.framework */,
			);
			name = Frameworks;
			sourceTree = "<group>";
		};
/* End PBXGroup section */

/* Begin PBXNativeTarget section */
		1D6058900D05DD3D006BFB54 /* BringBanks */ = {
			isa = PBXNativeTarget;
			buildConfigurationList = 1D6058960D05DD3E006BFB54 /* Build configuration list for PBXNativeTarget "BringBanks" */;
			buildPhases = (
				1D60588D0D05DD3D006BFB54 /* Resources */,
				1D60588E0D05DD3D006BFB54 /* Sources */,
				1D60588F0D05DD3D006BFB54 /* Frameworks */,
			);
			buildRules = (
			);
			dependencies = (
			);
			name = BringBanks;
			productName = BringBanks;
			productReference = 1D6058910D05DD3D006BFB54 /* BringBanks.app */;
			productType = "com.apple.product-type.application";
		};
/* End PBXNativeTarget section */

/* Begin PBXProject section */
		29B97313FDCFA39411CA2CEA /* Project object */ = {
			isa = PBXProject;
			attributes = {
				LastUpgradeCheck = 0410;
			};
			buildConfigurationList = C01FCF4E08A954540054247B /* Build configuration list for PBXProject "BringBanks" */;
			compatibilityVersion = "Xcode 3.2";
			developmentRegion = English;
			hasScannedForEncodings = 1;
			knownRegions = (
				English,
				Japanese,
				French,
				German,
			);
			mainGroup = 29B97314FDCFA39411CA2CEA /* CustomTemplate */;
			projectDirPath = "";
			projectRoot = "";
			targets = (
				1D6058900D05DD3D006BFB54 /* BringBanks */,
			);
		};
/* End PBXProject section */

/* Begin PBXResourcesBuildPhase section */
		1D60588D0D05DD3D006BFB54 /* Resources */ = {
			isa = PBXResourcesBuildPhase;
			buildActionMask = 2147483647;
			files = (
				28AD733F0D9D9553002E5188 /* MainWindow.xib in Resources */,
				2899E5220DE3E06400AC0155 /* BringBanksViewController.xib in Resources */,
				E2E2D3EA1343889000777AB1 /* Default.png in Resources */,
				E2E2D3EB1343889000777AB1 /* Default@2x.png in Resources */,
				E2E2D3F013438E2600777AB1 /* Icon-Small.png in Resources */,
				E2E2D3F113438E2600777AB1 /* Icon-Small@2x.png in Resources */,
				E2E2D3F213438E2600777AB1 /* Icon.png in Resources */,
				E2E2D3F313438E2600777AB1 /* Icon@2x.png in Resources */,
				E2E3D0161346232100EFB0B7 /* Background.png in Resources */,
				E2E3D0171346232100EFB0B7 /* Background@2x.png in Resources */,
				E2E3D0181346232100EFB0B7 /* Cans.png in Resources */,
				E2E3D0191346232100EFB0B7 /* Cans@2x.png in Resources */,
				E2E3D01A1346232100EFB0B7 /* CansOff.png in Resources */,
				E2E3D01B1346232100EFB0B7 /* CansOff@2x.png in Resources */,
				E2E3D01C1346232100EFB0B7 /* Glass.png in Resources */,
				E2E3D01D1346232100EFB0B7 /* Glass@2x.png in Resources */,
				E2E3D01E1346232100EFB0B7 /* GlassOff.png in Resources */,
				E2E3D01F1346232100EFB0B7 /* GlassOff@2x.png in Resources */,
				E2E3D0201346232100EFB0B7 /* RoundRect.png in Resources */,
				E2E3D0211346232100EFB0B7 /* RoundRect@2x.png in Resources */,
				E2E3D0221346232100EFB0B7 /* Textiles.png in Resources */,
				E2E3D0231346232100EFB0B7 /* Textiles@2x.png in Resources */,
				E2E3D0241346232100EFB0B7 /* TextilesOff.png in Resources */,
				E2E3D0251346232100EFB0B7 /* TextilesOff@2x.png in Resources */,
				E2E3D02B1346233E00EFB0B7 /* BringBankViewController.xib in Resources */,
				E2E3D03D134786F000EFB0B7 /* BringBanksKMLConfig.plist in Resources */,
				E2B292141349F9CF00247804 /* AboutViewController.xib in Resources */,
				E2B29224134A135800247804 /* AboutBackground.png in Resources */,
				E2B29226134A197800247804 /* AboutIcon.png in Resources */,
				E2B29228134A19DB00247804 /* AboutIcon@2x.png in Resources */,
				E2A047D1142A8D09007BE745 /* Bring_Banks.xml in Resources */,
			);
			runOnlyForDeploymentPostprocessing = 0;
		};
/* End PBXResourcesBuildPhase section */

/* Begin PBXSourcesBuildPhase section */
		1D60588E0D05DD3D006BFB54 /* Sources */ = {
			isa = PBXSourcesBuildPhase;
			buildActionMask = 2147483647;
			files = (
				1D60589B0D05DD56006BFB54 /* main.m in Sources */,
				1D3623260D0F684500981E51 /* BringBanksAppDelegate.m in Sources */,
				28D7ACF80DDB3853001CB0EB /* BringBanksViewController.m in Sources */,
				E26FFA7A12A5B287003FA228 /* BringBank.m in Sources */,
				E2E3D02A1346233E00EFB0B7 /* BringBankViewController.m in Sources */,
				E2E3D04113478A9A00EFB0B7 /* BringBanksLoader.m in Sources */,
				E2B292131349F9CF00247804 /* AboutViewController.m in Sources */,
			);
			runOnlyForDeploymentPostprocessing = 0;
		};
/* End PBXSourcesBuildPhase section */

/* Begin XCBuildConfiguration section */
		1D6058940D05DD3E006BFB54 /* Debug */ = {
			isa = XCBuildConfiguration;
			buildSettings = {
				ALWAYS_SEARCH_USER_PATHS = NO;
				COPY_PHASE_STRIP = NO;
				GCC_DYNAMIC_NO_PIC = NO;
				GCC_OPTIMIZATION_LEVEL = 0;
				GCC_PRECOMPILE_PREFIX_HEADER = YES;
				GCC_PREFIX_HEADER = BringBanks_Prefix.pch;
				GCC_VERSION = com.apple.compilers.llvmgcc42;
				HEADER_SEARCH_PATHS = /usr/include/libxml2;
				INFOPLIST_FILE = "BringBanks-Info.plist";
				IPHONEOS_DEPLOYMENT_TARGET = 4.0;
				PRODUCT_NAME = BringBanks;
			};
			name = Debug;
		};
		1D6058950D05DD3E006BFB54 /* Release */ = {
			isa = XCBuildConfiguration;
			buildSettings = {
				ALWAYS_SEARCH_USER_PATHS = NO;
				COPY_PHASE_STRIP = YES;
				GCC_PRECOMPILE_PREFIX_HEADER = YES;
				GCC_PREFIX_HEADER = BringBanks_Prefix.pch;
				GCC_VERSION = com.apple.compilers.llvmgcc42;
				HEADER_SEARCH_PATHS = /usr/include/libxml2;
				INFOPLIST_FILE = "BringBanks-Info.plist";
				IPHONEOS_DEPLOYMENT_TARGET = 4.0;
				PRODUCT_NAME = BringBanks;
				VALIDATE_PRODUCT = YES;
			};
			name = Release;
		};
		C01FCF4F08A954540054247B /* Debug */ = {
			isa = XCBuildConfiguration;
			buildSettings = {
				ARCHS = "$(ARCHS_STANDARD_32_BIT)";
				GCC_C_LANGUAGE_STANDARD = c99;
				GCC_VERSION = "";
				GCC_WARN_ABOUT_RETURN_TYPE = YES;
				GCC_WARN_UNUSED_VARIABLE = YES;
				SDKROOT = iphoneos;
			};
			name = Debug;
		};
		C01FCF5008A954540054247B /* Release */ = {
			isa = XCBuildConfiguration;
			buildSettings = {
				ARCHS = "$(ARCHS_STANDARD_32_BIT)";
				GCC_C_LANGUAGE_STANDARD = c99;
				GCC_VERSION = "";
				GCC_WARN_ABOUT_RETURN_TYPE = YES;
				GCC_WARN_UNUSED_VARIABLE = YES;
				OTHER_CFLAGS = "-DNS_BLOCK_ASSERTIONS=1";
				SDKROOT = iphoneos;
			};
			name = Release;
		};
/* End XCBuildConfiguration section */

/* Begin XCConfigurationList section */
		1D6058960D05DD3E006BFB54 /* Build configuration list for PBXNativeTarget "BringBanks" */ = {
			isa = XCConfigurationList;
			buildConfigurations = (
				1D6058940D05DD3E006BFB54 /* Debug */,
				1D6058950D05DD3E006BFB54 /* Release */,
			);
			defaultConfigurationIsVisible = 0;
			defaultConfigurationName = Release;
		};
		C01FCF4E08A954540054247B /* Build configuration list for PBXProject "BringBanks" */ = {
			isa = XCConfigurationList;
			buildConfigurations = (
				C01FCF4F08A954540054247B /* Debug */,
				C01FCF5008A954540054247B /* Release */,
			);
			defaultConfigurationIsVisible = 0;
			defaultConfigurationName = Release;
		};
/* End XCConfigurationList section */
	};
	rootObject = 29B97313FDCFA39411CA2CEA /* Project object */;
}
